// !$*UTF8*$!
{
	archiveVersion = 1;
	classes = {
	};
	objectVersion = 50;
	objects = {

/* Begin PBXBuildFile section */
		E108D26024E3B5780000D2F2 /* MissionView.swift in Sources */ = {isa = PBXBuildFile; fileRef = E108D25F24E3B5780000D2F2 /* MissionView.swift */; };
		E108D26224E3CC880000D2F2 /* AstronautView.swift in Sources */ = {isa = PBXBuildFile; fileRef = E108D26124E3CC880000D2F2 /* AstronautView.swift */; };
		E133EBF624E3067700C64471 /* missions.json in Resources */ = {isa = PBXBuildFile; fileRef = E133EBF424E3067600C64471 /* missions.json */; };
		E133EBF724E3067700C64471 /* astronauts.json in Resources */ = {isa = PBXBuildFile; fileRef = E133EBF524E3067600C64471 /* astronauts.json */; };
		E133EBF924E3069A00C64471 /* Astronaut.swift in Sources */ = {isa = PBXBuildFile; fileRef = E133EBF824E3069A00C64471 /* Astronaut.swift */; };
		E133EBFB24E3071700C64471 /* Bundle-Decodable.swift in Sources */ = {isa = PBXBuildFile; fileRef = E133EBFA24E3071700C64471 /* Bundle-Decodable.swift */; };
		E133EBFD24E30DD700C64471 /* Mission.swift in Sources */ = {isa = PBXBuildFile; fileRef = E133EBFC24E30DD700C64471 /* Mission.swift */; };
		E149627C24DFEC07001E76D9 /* AppDelegate.swift in Sources */ = {isa = PBXBuildFile; fileRef = E149627B24DFEC07001E76D9 /* AppDelegate.swift */; };
		E149627E24DFEC07001E76D9 /* SceneDelegate.swift in Sources */ = {isa = PBXBuildFile; fileRef = E149627D24DFEC07001E76D9 /* SceneDelegate.swift */; };
		E149628024DFEC07001E76D9 /* ContentView.swift in Sources */ = {isa = PBXBuildFile; fileRef = E149627F24DFEC07001E76D9 /* ContentView.swift */; };
		E149628224DFEC0A001E76D9 /* Assets.xcassets in Resources */ = {isa = PBXBuildFile; fileRef = E149628124DFEC0A001E76D9 /* Assets.xcassets */; };
		E149628524DFEC0A001E76D9 /* Preview Assets.xcassets in Resources */ = {isa = PBXBuildFile; fileRef = E149628424DFEC0A001E76D9 /* Preview Assets.xcassets */; };
		E149628824DFEC0A001E76D9 /* LaunchScreen.storyboard in Resources */ = {isa = PBXBuildFile; fileRef = E149628624DFEC0A001E76D9 /* LaunchScreen.storyboard */; };
/* End PBXBuildFile section */

/* Begin PBXFileReference section */
		E108D25F24E3B5780000D2F2 /* MissionView.swift */ = {isa = PBXFileReference; lastKnownFileType = sourcecode.swift; path = MissionView.swift; sourceTree = "<group>"; };
		E108D26124E3CC880000D2F2 /* AstronautView.swift */ = {isa = PBXFileReference; lastKnownFileType = sourcecode.swift; path = AstronautView.swift; sourceTree = "<group>"; };
		E133EBF424E3067600C64471 /* missions.json */ = {isa = PBXFileReference; fileEncoding = 4; lastKnownFileType = text.json; path = missions.json; sourceTree = "<group>"; };
		E133EBF524E3067600C64471 /* astronauts.json */ = {isa = PBXFileReference; fileEncoding = 4; lastKnownFileType = text.json; path = astronauts.json; sourceTree = "<group>"; };
		E133EBF824E3069A00C64471 /* Astronaut.swift */ = {isa = PBXFileReference; lastKnownFileType = sourcecode.swift; path = Astronaut.swift; sourceTree = "<group>"; };
		E133EBFA24E3071700C64471 /* Bundle-Decodable.swift */ = {isa = PBXFileReference; lastKnownFileType = sourcecode.swift; path = "Bundle-Decodable.swift"; sourceTree = "<group>"; };
		E133EBFC24E30DD700C64471 /* Mission.swift */ = {isa = PBXFileReference; lastKnownFileType = sourcecode.swift; path = Mission.swift; sourceTree = "<group>"; };
		E149627824DFEC07001E76D9 /* Moonshot.app */ = {isa = PBXFileReference; explicitFileType = wrapper.application; includeInIndex = 0; path = Moonshot.app; sourceTree = BUILT_PRODUCTS_DIR; };
		E149627B24DFEC07001E76D9 /* AppDelegate.swift */ = {isa = PBXFileReference; lastKnownFileType = sourcecode.swift; path = AppDelegate.swift; sourceTree = "<group>"; };
		E149627D24DFEC07001E76D9 /* SceneDelegate.swift */ = {isa = PBXFileReference; lastKnownFileType = sourcecode.swift; path = SceneDelegate.swift; sourceTree = "<group>"; };
		E149627F24DFEC07001E76D9 /* ContentView.swift */ = {isa = PBXFileReference; lastKnownFileType = sourcecode.swift; path = ContentView.swift; sourceTree = "<group>"; };
		E149628124DFEC0A001E76D9 /* Assets.xcassets */ = {isa = PBXFileReference; lastKnownFileType = folder.assetcatalog; path = Assets.xcassets; sourceTree = "<group>"; };
		E149628424DFEC0A001E76D9 /* Preview Assets.xcassets */ = {isa = PBXFileReference; lastKnownFileType = folder.assetcatalog; path = "Preview Assets.xcassets"; sourceTree = "<group>"; };
		E149628724DFEC0A001E76D9 /* Base */ = {isa = PBXFileReference; lastKnownFileType = file.storyboard; name = Base; path = Base.lproj/LaunchScreen.storyboard; sourceTree = "<group>"; };
		E149628924DFEC0A001E76D9 /* Info.plist */ = {isa = PBXFileReference; lastKnownFileType = text.plist.xml; path = Info.plist; sourceTree = "<group>"; };
/* End PBXFileReference section */

/* Begin PBXFrameworksBuildPhase section */
		E149627524DFEC07001E76D9 /* Frameworks */ = {
			isa = PBXFrameworksBuildPhase;
			buildActionMask = 2147483647;
			files = (
			);
			runOnlyForDeploymentPostprocessing = 0;
		};
/* End PBXFrameworksBuildPhase section */

/* Begin PBXGroup section */
		E149626F24DFEC07001E76D9 = {
			isa = PBXGroup;
			children = (
				E149627A24DFEC07001E76D9 /* Moonshot */,
				E149627924DFEC07001E76D9 /* Products */,
			);
			sourceTree = "<group>";
		};
		E149627924DFEC07001E76D9 /* Products */ = {
			isa = PBXGroup;
			children = (
				E149627824DFEC07001E76D9 /* Moonshot.app */,
			);
			name = Products;
			sourceTree = "<group>";
		};
		E149627A24DFEC07001E76D9 /* Moonshot */ = {
			isa = PBXGroup;
			children = (
				E149627B24DFEC07001E76D9 /* AppDelegate.swift */,
				E149627D24DFEC07001E76D9 /* SceneDelegate.swift */,
				E149627F24DFEC07001E76D9 /* ContentView.swift */,
				E108D25F24E3B5780000D2F2 /* MissionView.swift */,
				E108D26124E3CC880000D2F2 /* AstronautView.swift */,
				E149628124DFEC0A001E76D9 /* Assets.xcassets */,
				E149628624DFEC0A001E76D9 /* LaunchScreen.storyboard */,
				E149628924DFEC0A001E76D9 /* Info.plist */,
				E133EBFC24E30DD700C64471 /* Mission.swift */,
				E133EBF824E3069A00C64471 /* Astronaut.swift */,
				E133EBFA24E3071700C64471 /* Bundle-Decodable.swift */,
				E133EBF424E3067600C64471 /* missions.json */,
				E133EBF524E3067600C64471 /* astronauts.json */,
				E149628324DFEC0A001E76D9 /* Preview Content */,
			);
			path = Moonshot;
			sourceTree = "<group>";
		};
		E149628324DFEC0A001E76D9 /* Preview Content */ = {
			isa = PBXGroup;
			children = (
				E149628424DFEC0A001E76D9 /* Preview Assets.xcassets */,
			);
			path = "Preview Content";
			sourceTree = "<group>";
		};
/* End PBXGroup section */

/* Begin PBXNativeTarget section */
		E149627724DFEC07001E76D9 /* Moonshot */ = {
			isa = PBXNativeTarget;
			buildConfigurationList = E149628C24DFEC0A001E76D9 /* Build configuration list for PBXNativeTarget "Moonshot" */;
			buildPhases = (
				E149627424DFEC07001E76D9 /* Sources */,
				E149627524DFEC07001E76D9 /* Frameworks */,
				E149627624DFEC07001E76D9 /* Resources */,
			);
			buildRules = (
			);
			dependencies = (
			);
			name = Moonshot;
			productName = Moonshot;
			productReference = E149627824DFEC07001E76D9 /* Moonshot.app */;
			productType = "com.apple.product-type.application";
		};
/* End PBXNativeTarget section */

/* Begin PBXProject section */
		E149627024DFEC07001E76D9 /* Project object */ = {
			isa = PBXProject;
			attributes = {
				LastSwiftUpdateCheck = 1130;
				LastUpgradeCheck = 1130;
				ORGANIZATIONNAME = robert;
				TargetAttributes = {
					E149627724DFEC07001E76D9 = {
						CreatedOnToolsVersion = 11.3;
					};
				};
			};
			buildConfigurationList = E149627324DFEC07001E76D9 /* Build configuration list for PBXProject "Moonshot" */;
			compatibilityVersion = "Xcode 9.3";
			developmentRegion = en;
			hasScannedForEncodings = 0;
			knownRegions = (
				en,
				Base,
			);
			mainGroup = E149626F24DFEC07001E76D9;
			productRefGroup = E149627924DFEC07001E76D9 /* Products */;
			projectDirPath = "";
			projectRoot = "";
			targets = (
				E149627724DFEC07001E76D9 /* Moonshot */,
			);
		};
/* End PBXProject section */

/* Begin PBXResourcesBuildPhase section */
		E149627624DFEC07001E76D9 /* Resources */ = {
			isa = PBXResourcesBuildPhase;
			buildActionMask = 2147483647;
			files = (
				E149628824DFEC0A001E76D9 /* LaunchScreen.storyboard in Resources */,
				E149628524DFEC0A001E76D9 /* Preview Assets.xcassets in Resources */,
				E133EBF624E3067700C64471 /* missions.json in Resources */,
				E133EBF724E3067700C64471 /* astronauts.json in Resources */,
				E149628224DFEC0A001E76D9 /* Assets.xcassets in Resources */,
			);
			runOnlyForDeploymentPostprocessing = 0;
		};
/* End PBXResourcesBuildPhase section */

/* Begin PBXSourcesBuildPhase section */
		E149627424DFEC07001E76D9 /* Sources */ = {
			isa = PBXSourcesBuildPhase;
			buildActionMask = 2147483647;
			files = (
				E108D26024E3B5780000D2F2 /* MissionView.swift in Sources */,
				E133EBFD24E30DD700C64471 /* Mission.swift in Sources */,
				E108D26224E3CC880000D2F2 /* AstronautView.swift in Sources */,
				E149627C24DFEC07001E76D9 /* AppDelegate.swift in Sources */,
				E149627E24DFEC07001E76D9 /* SceneDelegate.swift in Sources */,
				E133EBFB24E3071700C64471 /* Bundle-Decodable.swift in Sources */,
				E149628024DFEC07001E76D9 /* ContentView.swift in Sources */,
				E133EBF924E3069A00C64471 /* Astronaut.swift in Sources */,
			);
			runOnlyForDeploymentPostprocessing = 0;
		};
/* End PBXSourcesBuildPhase section */

/* Begin PBXVariantGroup section */
		E149628624DFEC0A001E76D9 /* LaunchScreen.storyboard */ = {
			isa = PBXVariantGroup;
			children = (
				E149628724DFEC0A001E76D9 /* Base */,
			);
			name = LaunchScreen.storyboard;
			sourceTree = "<group>";
		};
/* End PBXVariantGroup section */

/* Begin XCBuildConfiguration section */
		E149628A24DFEC0A001E76D9 /* Debug */ = {
			isa = XCBuildConfiguration;
			buildSettings = {
				ALWAYS_SEARCH_USER_PATHS = NO;
				CLANG_ANALYZER_NONNULL = YES;
				CLANG_ANALYZER_NUMBER_OBJECT_CONVERSION = YES_AGGRESSIVE;
				CLANG_CXX_LANGUAGE_STANDARD = "gnu++14";
				CLANG_CXX_LIBRARY = "libc++";
				CLANG_ENABLE_MODULES = YES;
				CLANG_ENABLE_OBJC_ARC = YES;
				CLANG_ENABLE_OBJC_WEAK = YES;
				CLANG_WARN_BLOCK_CAPTURE_AUTORELEASING = YES;
				CLANG_WARN_BOOL_CONVERSION = YES;
				CLANG_WARN_COMMA = YES;
				CLANG_WARN_CONSTANT_CONVERSION = YES;
				CLANG_WARN_DEPRECATED_OBJC_IMPLEMENTATIONS = YES;
				CLANG_WARN_DIRECT_OBJC_ISA_USAGE = YES_ERROR;
				CLANG_WARN_DOCUMENTATION_COMMENTS = YES;
				CLANG_WARN_EMPTY_BODY = YES;
				CLANG_WARN_ENUM_CONVERSION = YES;
				CLANG_WARN_INFINITE_RECURSION = YES;
				CLANG_WARN_INT_CONVERSION = YES;
				CLANG_WARN_NON_LITERAL_NULL_CONVERSION = YES;
				CLANG_WARN_OBJC_IMPLICIT_RETAIN_SELF = YES;
				CLANG_WARN_OBJC_LITERAL_CONVERSION = YES;
				CLANG_WARN_OBJC_ROOT_CLASS = YES_ERROR;
				CLANG_WARN_RANGE_LOOP_ANALYSIS = YES;
				CLANG_WARN_STRICT_PROTOTYPES = YES;
				CLANG_WARN_SUSPICIOUS_MOVE = YES;
				CLANG_WARN_UNGUARDED_AVAILABILITY = YES_AGGRESSIVE;
				CLANG_WARN_UNREACHABLE_CODE = YES;
				CLANG_WARN__DUPLICATE_METHOD_MATCH = YES;
				COPY_PHASE_STRIP = NO;
				DEBUG_INFORMATION_FORMAT = dwarf;
				ENABLE_STRICT_OBJC_MSGSEND = YES;
				ENABLE_TESTABILITY = YES;
				GCC_C_LANGUAGE_STANDARD = gnu11;
				GCC_DYNAMIC_NO_PIC = NO;
				GCC_NO_COMMON_BLOCKS = YES;
				GCC_OPTIMIZATION_LEVEL = 0;
				GCC_PREPROCESSOR_DEFINITIONS = (
					"DEBUG=1",
					"$(inherited)",
				);
				GCC_WARN_64_TO_32_BIT_CONVERSION = YES;
				GCC_WARN_ABOUT_RETURN_TYPE = YES_ERROR;
				GCC_WARN_UNDECLARED_SELECTOR = YES;
				GCC_WARN_UNINITIALIZED_AUTOS = YES_AGGRESSIVE;
				GCC_WARN_UNUSED_FUNCTION = YES;
				GCC_WARN_UNUSED_VARIABLE = YES;
				IPHONEOS_DEPLOYMENT_TARGET = 13.2;
				MTL_ENABLE_DEBUG_INFO = INCLUDE_SOURCE;
				MTL_FAST_MATH = YES;
				ONLY_ACTIVE_ARCH = YES;
				SDKROOT = iphoneos;
				SWIFT_ACTIVE_COMPILATION_CONDITIONS = DEBUG;
				SWIFT_OPTIMIZATION_LEVEL = "-Onone";
			};
			name = Debug;
		};
		E149628B24DFEC0A001E76D9 /* Release */ = {
			isa = XCBuildConfiguration;
			buildSettings = {
				ALWAYS_SEARCH_USER_PATHS = NO;
				CLANG_ANALYZER_NONNULL = YES;
				CLANG_ANALYZER_NUMBER_OBJECT_CONVERSION = YES_AGGRESSIVE;
				CLANG_CXX_LANGUAGE_STANDARD = "gnu++14";
				CLANG_CXX_LIBRARY = "libc++";
				CLANG_ENABLE_MODULES = YES;
				CLANG_ENABLE_OBJC_ARC = YES;
				CLANG_ENABLE_OBJC_WEAK = YES;
				CLANG_WARN_BLOCK_CAPTURE_AUTORELEASING = YES;
				CLANG_WARN_BOOL_CONVERSION = YES;
				CLANG_WARN_COMMA = YES;
				CLANG_WARN_CONSTANT_CONVERSION = YES;
				CLANG_WARN_DEPRECATED_OBJC_IMPLEMENTATIONS = YES;
				CLANG_WARN_DIRECT_OBJC_ISA_USAGE = YES_ERROR;
				CLANG_WARN_DOCUMENTATION_COMMENTS = YES;
				CLANG_WARN_EMPTY_BODY = YES;
				CLANG_WARN_ENUM_CONVERSION = YES;
				CLANG_WARN_INFINITE_RECURSION = YES;
				CLANG_WARN_INT_CONVERSION = YES;
				CLANG_WARN_NON_LITERAL_NULL_CONVERSION = YES;
				CLANG_WARN_OBJC_IMPLICIT_RETAIN_SELF = YES;
				CLANG_WARN_OBJC_LITERAL_CONVERSION = YES;
				CLANG_WARN_OBJC_ROOT_CLASS = YES_ERROR;
				CLANG_WARN_RANGE_LOOP_ANALYSIS = YES;
				CLANG_WARN_STRICT_PROTOTYPES = YES;
				CLANG_WARN_SUSPICIOUS_MOVE = YES;
				CLANG_WARN_UNGUARDED_AVAILABILITY = YES_AGGRESSIVE;
				CLANG_WARN_UNREACHABLE_CODE = YES;
				CLANG_WARN__DUPLICATE_METHOD_MATCH = YES;
				COPY_PHASE_STRIP = NO;
				DEBUG_INFORMATION_FORMAT = "dwarf-with-dsym";
				ENABLE_NS_ASSERTIONS = NO;
				ENABLE_STRICT_OBJC_MSGSEND = YES;
				GCC_C_LANGUAGE_STANDARD = gnu11;
				GCC_NO_COMMON_BLOCKS = YES;
				GCC_WARN_64_TO_32_BIT_CONVERSION = YES;
				GCC_WARN_ABOUT_RETURN_TYPE = YES_ERROR;
				GCC_WARN_UNDECLARED_SELECTOR = YES;
				GCC_WARN_UNINITIALIZED_AUTOS = YES_AGGRESSIVE;
				GCC_WARN_UNUSED_FUNCTION = YES;
				GCC_WARN_UNUSED_VARIABLE = YES;
				IPHONEOS_DEPLOYMENT_TARGET = 13.2;
				MTL_ENABLE_DEBUG_INFO = NO;
				MTL_FAST_MATH = YES;
				SDKROOT = iphoneos;
				SWIFT_COMPILATION_MODE = wholemodule;
				SWIFT_OPTIMIZATION_LEVEL = "-O";
				VALIDATE_PRODUCT = YES;
			};
			name = Release;
		};
		E149628D24DFEC0A001E76D9 /* Debug */ = {
			isa = XCBuildConfiguration;
			buildSettings = {
				ASSETCATALOG_COMPILER_APPICON_NAME = AppIcon;
				CODE_SIGN_STYLE = Automatic;
				DEVELOPMENT_ASSET_PATHS = "\"Moonshot/Preview Content\"";
				ENABLE_PREVIEWS = YES;
				INFOPLIST_FILE = Moonshot/Info.plist;
				LD_RUNPATH_SEARCH_PATHS = (
					"$(inherited)",
					"@executable_path/Frameworks",
				);
				PRODUCT_BUNDLE_IDENTIFIER = me.robert.Moonshot;
				PRODUCT_NAME = "$(TARGET_NAME)";
				SWIFT_VERSION = 5.0;
				TARGETED_DEVICE_FAMILY = "1,2";
			};
			name = Debug;
		};
		E149628E24DFEC0A001E76D9 /* Release */ = {
			isa = XCBuildConfiguration;
			buildSettings = {
				ASSETCATALOG_COMPILER_APPICON_NAME = AppIcon;
				CODE_SIGN_STYLE = Automatic;
				DEVELOPMENT_ASSET_PATHS = "\"Moonshot/Preview Content\"";
				ENABLE_PREVIEWS = YES;
				INFOPLIST_FILE = Moonshot/Info.plist;
				LD_RUNPATH_SEARCH_PATHS = (
					"$(inherited)",
					"@executable_path/Frameworks",
				);
				PRODUCT_BUNDLE_IDENTIFIER = me.robert.Moonshot;
				PRODUCT_NAME = "$(TARGET_NAME)";
				SWIFT_VERSION = 5.0;
				TARGETED_DEVICE_FAMILY = "1,2";
			};
			name = Release;
		};
/* End XCBuildConfiguration section */

/* Begin XCConfigurationList section */
		E149627324DFEC07001E76D9 /* Build configuration list for PBXProject "Moonshot" */ = {
			isa = XCConfigurationList;
			buildConfigurations = (
				E149628A24DFEC0A001E76D9 /* Debug */,
				E149628B24DFEC0A001E76D9 /* Release */,
			);
			defaultConfigurationIsVisible = 0;
			defaultConfigurationName = Release;
		};
		E149628C24DFEC0A001E76D9 /* Build configuration list for PBXNativeTarget "Moonshot" */ = {
			isa = XCConfigurationList;
			buildConfigurations = (
				E149628D24DFEC0A001E76D9 /* Debug */,
				E149628E24DFEC0A001E76D9 /* Release */,
			);
			defaultConfigurationIsVisible = 0;
			defaultConfigurationName = Release;
		};
/* End XCConfigurationList section */
	};
	rootObject = E149627024DFEC07001E76D9 /* Project object */;
}
